{
  "requires": true,
  "lockfileVersion": 1,
  "dependencies": {
    "tree": {
      "version": "0.1.3",
      "resolved": "https://registry.npmjs.org/tree/-/tree-0.1.3.tgz",
      "integrity": "sha1-FPulc9eFMAnEzO9E90CfrHFik48=",
      "requires": {
        "underscore": "^1.13.1"
      }
    },
    "underscore": {
      "version": "1.13.1",
      "resolved": "https://registry.npmjs.org/underscore/-/underscore-1.13.1.tgz",
      "integrity": "sha512-hzSoAVtJF+3ZtiFX0VgfFPHEDRm7Y/QPjGyNo4TVdnDTdft3tr8hEkD25a1jC+TjTuE7tkHGKkhwCgs9dgBB2g=="
    }
  }
}
