{
  "requires": true,
  "lockfileVersion": 1,
  "dependencies": {
    "@interactjs/types": {
      "version": "1.10.11",
      "resolved": "https://registry.npmjs.org/@interactjs/types/-/types-1.10.11.tgz",
      "integrity": "sha512-YRsVFWjL8Gkkvlx3qnjeaxW4fnibSJ9791g8BA7Pv5ANByI64WmtR1vU7A2rXcrOn8XvyCEfY0ss1s8NhZP+MA=="
    },
    "interactjs": {
      "version": "1.10.11",
      "resolved": "https://registry.npmjs.org/interactjs/-/interactjs-1.10.11.tgz",
      "integrity": "sha512-VPUWsGAOPmrZe1YF7Fq/4AIBBZ+3FikZRS8bpzT6VsAfUuhxl/CKJY73IAiZHd3fz9p174CXErn0Qs81XEFICA==",
      "requires": {
        "@interactjs/types": "1.10.11"
      }
    },
    "tree": {
      "version": "0.1.3",
      "resolved": "https://registry.npmjs.org/tree/-/tree-0.1.3.tgz",
      "integrity": "sha1-FPulc9eFMAnEzO9E90CfrHFik48=",
      "requires": {
        "underscore": "^1.13.1"
      }
    },
    "underscore": {
      "version": "1.13.1",
      "resolved": "https://registry.npmjs.org/underscore/-/underscore-1.13.1.tgz",
      "integrity": "sha512-hzSoAVtJF+3ZtiFX0VgfFPHEDRm7Y/QPjGyNo4TVdnDTdft3tr8hEkD25a1jC+TjTuE7tkHGKkhwCgs9dgBB2g=="
    }
  }
}
